
Microsoft Visual Studio Solution File, Format Version 12.00
# Visual Studio Version 17
VisualStudioVersion = 17.7.34018.315
MinimumVisualStudioVersion = 10.0.40219.1
Project("{FAE04EC0-301F-11D3-BF4B-00C04F79EFBC}") = "Blogy", "Blogy\Blogy.csproj", "{2C8AEBA8-B8EC-4489-822A-4EB7D9865D9E}"
EndProject
Project("{FAE04EC0-301F-11D3-BF4B-00C04F79EFBC}") = "Blogy.EntityLayer", "Blogy.EntityLayer\Blogy.EntityLayer.csproj", "{AA691B6D-FE02-4AFE-BBB8-785323E4BC59}"
EndProject
Project("{FAE04EC0-301F-11D3-BF4B-00C04F79EFBC}") = "Blogy.DataAccessLayer", "Blogy.DataAccessLayer\Blogy.DataAccessLayer.csproj", "{5E2A0800-F460-4B82-BE04-6D83D873EC58}"
EndProject
Global
	GlobalSection(SolutionConfigurationPlatforms) = preSolution
		Debug|Any CPU = Debug|Any CPU
		Release|Any CPU = Release|Any CPU
	EndGlobalSection
	GlobalSection(ProjectConfigurationPlatforms) = postSolution
		{2C8AEBA8-B8EC-4489-822A-4EB7D9865D9E}.Debug|Any CPU.ActiveCfg = Debug|Any CPU
		{2C8AEBA8-B8EC-4489-822A-4EB7D9865D9E}.Debug|Any CPU.Build.0 = Debug|Any CPU
		{2C8AEBA8-B8EC-4489-822A-4EB7D9865D9E}.Release|Any CPU.ActiveCfg = Release|Any CPU
		{2C8AEBA8-B8EC-4489-822A-4EB7D9865D9E}.Release|Any CPU.Build.0 = Release|Any CPU
		{AA691B6D-FE02-4AFE-BBB8-785323E4BC59}.Debug|Any CPU.ActiveCfg = Debug|Any CPU
		{AA691B6D-FE02-4AFE-BBB8-785323E4BC59}.Debug|Any CPU.Build.0 = Debug|Any CPU
		{AA691B6D-FE02-4AFE-BBB8-785323E4BC59}.Release|Any CPU.ActiveCfg = Release|Any CPU
		{AA691B6D-FE02-4AFE-BBB8-785323E4BC59}.Release|Any CPU.Build.0 = Release|Any CPU
		{5E2A0800-F460-4B82-BE04-6D83D873EC58}.Debug|Any CPU.ActiveCfg = Debug|Any CPU
		{5E2A0800-F460-4B82-BE04-6D83D873EC58}.Debug|Any CPU.Build.0 = Debug|Any CPU
		{5E2A0800-F460-4B82-BE04-6D83D873EC58}.Release|Any CPU.ActiveCfg = Release|Any CPU
		{5E2A0800-F460-4B82-BE04-6D83D873EC58}.Release|Any CPU.Build.0 = Release|Any CPU
	EndGlobalSection
	GlobalSection(SolutionProperties) = preSolution
		HideSolutionNode = FALSE
	EndGlobalSection
	GlobalSection(ExtensibilityGlobals) = postSolution
		SolutionGuid = {8B868991-B324-4E48-8570-A5F8438A0994}
	EndGlobalSection
EndGlobal
